
Microsoft Visual Studio Solution File, Format Version 12.00
# Visual Studio Version 16
VisualStudioVersion = 16.0.31321.278
MinimumVisualStudioVersion = 10.0.40219.1
Project("{FAE04EC0-301F-11D3-BF4B-00C04F79EFBC}") = "Wimc", "Wimc\Wimc.csproj", "{D0AA484F-EAC0-4B65-9027-3FF89397BE84}"
EndProject
Project("{FAE04EC0-301F-11D3-BF4B-00C04F79EFBC}") = "Mx.EntityFramework.Contracts", "Mx.EntityFramework.Contracts\Mx.EntityFramework.Contracts.csproj", "{B29D4EC8-5802-4D07-AC6D-024029523125}"
EndProject
Project("{FAE04EC0-301F-11D3-BF4B-00C04F79EFBC}") = "Mx.EntityFramework", "Mx.EntityFramework\Mx.EntityFramework.csproj", "{236BF547-7146-41B4-A85F-C5F916D1E5C7}"
EndProject
Project("{FAE04EC0-301F-11D3-BF4B-00C04F79EFBC}") = "Mx.Library", "Mx.Library\Mx.Library.csproj", "{6C576C0C-C375-43EE-8044-F3E3CB1E99BA}"
EndProject
Project("{FAE04EC0-301F-11D3-BF4B-00C04F79EFBC}") = "Wimc.Data", "Wimc.Data\Wimc.Data.csproj", "{76E83208-1C77-4E0B-8007-D3C38E2711BE}"
EndProject
Project("{FAE04EC0-301F-11D3-BF4B-00C04F79EFBC}") = "Wimc.Business", "Wimc.Business\Wimc.Business.csproj", "{CA856BF9-B46C-4920-BC55-68209E582502}"
EndProject
Project("{FAE04EC0-301F-11D3-BF4B-00C04F79EFBC}") = "Wimc.Domain", "Wimc.Domain\Wimc.Domain.csproj", "{89E372D6-F2EE-453A-8C2E-CC61FF21FE61}"
EndProject
Project("{FAE04EC0-301F-11D3-BF4B-00C04F79EFBC}") = "Wimc.Infrastructure", "Wimc.Infrastructure\Wimc.Infrastructure.csproj", "{6C11FCC5-6215-4B36-9910-6A22EB2058EE}"
EndProject
Project("{FAE04EC0-301F-11D3-BF4B-00C04F79EFBC}") = "Wimc.Handler", "Wimc.Handler\Wimc.Handler.csproj", "{4AB46E99-AFD2-4370-8FAF-97A19D3675DF}"
EndProject
Project("{FAE04EC0-301F-11D3-BF4B-00C04F79EFBC}") = "Wimc.HandlerService", "Wimc.HandlerService\Wimc.HandlerService.csproj", "{DD37BD0A-C2F6-4F13-89D4-DF61B40D9D3E}"
EndProject
Project("{FAE04EC0-301F-11D3-BF4B-00C04F79EFBC}") = "Wimc.Worker", "Wimc.Worker\Wimc.Worker.csproj", "{664E4F9F-75CE-4F7A-8DCC-68565CC80DDE}"
EndProject
Project("{FAE04EC0-301F-11D3-BF4B-00C04F79EFBC}") = "Wimc.Tests.Unit", "Wimc.Tests.Unit\Wimc.Tests.Unit.csproj", "{5465E852-81AE-4D31-9301-75B96D53DA4D}"
EndProject
Project("{2150E333-8FDC-42A3-9474-1A3956D46DE8}") = "Tests", "Tests", "{05EEA033-8BC3-4787-9A8D-5C1035FB153D}"
EndProject
Project("{2150E333-8FDC-42A3-9474-1A3956D46DE8}") = "Library", "Library", "{F47F160F-3DDE-4796-B677-00ADA894B16F}"
EndProject
Project("{FAE04EC0-301F-11D3-BF4B-00C04F79EFBC}") = "Wimc.Eventing", "Wimc.Eventing\Wimc.Eventing.csproj", "{810FBEB3-B10A-4235-BA9D-2D5C5144F968}"
EndProject
Project("{FAE04EC0-301F-11D3-BF4B-00C04F79EFBC}") = "Wimc.Audit", "Wimc.Audit\Wimc.Audit.csproj", "{32057EB2-9E24-40C3-A099-E338BF7A27D6}"
EndProject
Global
	GlobalSection(SolutionConfigurationPlatforms) = preSolution
		Debug|Any CPU = Debug|Any CPU
		Release|Any CPU = Release|Any CPU
	EndGlobalSection
	GlobalSection(ProjectConfigurationPlatforms) = postSolution
		{D0AA484F-EAC0-4B65-9027-3FF89397BE84}.Debug|Any CPU.ActiveCfg = Debug|Any CPU
		{D0AA484F-EAC0-4B65-9027-3FF89397BE84}.Debug|Any CPU.Build.0 = Debug|Any CPU
		{D0AA484F-EAC0-4B65-9027-3FF89397BE84}.Release|Any CPU.ActiveCfg = Release|Any CPU
		{D0AA484F-EAC0-4B65-9027-3FF89397BE84}.Release|Any CPU.Build.0 = Release|Any CPU
		{B29D4EC8-5802-4D07-AC6D-024029523125}.Debug|Any CPU.ActiveCfg = Debug|Any CPU
		{B29D4EC8-5802-4D07-AC6D-024029523125}.Debug|Any CPU.Build.0 = Debug|Any CPU
		{B29D4EC8-5802-4D07-AC6D-024029523125}.Release|Any CPU.ActiveCfg = Release|Any CPU
		{B29D4EC8-5802-4D07-AC6D-024029523125}.Release|Any CPU.Build.0 = Release|Any CPU
		{236BF547-7146-41B4-A85F-C5F916D1E5C7}.Debug|Any CPU.ActiveCfg = Debug|Any CPU
		{236BF547-7146-41B4-A85F-C5F916D1E5C7}.Debug|Any CPU.Build.0 = Debug|Any CPU
		{236BF547-7146-41B4-A85F-C5F916D1E5C7}.Release|Any CPU.ActiveCfg = Release|Any CPU
		{236BF547-7146-41B4-A85F-C5F916D1E5C7}.Release|Any CPU.Build.0 = Release|Any CPU
		{6C576C0C-C375-43EE-8044-F3E3CB1E99BA}.Debug|Any CPU.ActiveCfg = Debug|Any CPU
		{6C576C0C-C375-43EE-8044-F3E3CB1E99BA}.Debug|Any CPU.Build.0 = Debug|Any CPU
		{6C576C0C-C375-43EE-8044-F3E3CB1E99BA}.Release|Any CPU.ActiveCfg = Release|Any CPU
		{6C576C0C-C375-43EE-8044-F3E3CB1E99BA}.Release|Any CPU.Build.0 = Release|Any CPU
		{76E83208-1C77-4E0B-8007-D3C38E2711BE}.Debug|Any CPU.ActiveCfg = Debug|Any CPU
		{76E83208-1C77-4E0B-8007-D3C38E2711BE}.Debug|Any CPU.Build.0 = Debug|Any CPU
		{76E83208-1C77-4E0B-8007-D3C38E2711BE}.Release|Any CPU.ActiveCfg = Release|Any CPU
		{76E83208-1C77-4E0B-8007-D3C38E2711BE}.Release|Any CPU.Build.0 = Release|Any CPU
		{CA856BF9-B46C-4920-BC55-68209E582502}.Debug|Any CPU.ActiveCfg = Debug|Any CPU
		{CA856BF9-B46C-4920-BC55-68209E582502}.Debug|Any CPU.Build.0 = Debug|Any CPU
		{CA856BF9-B46C-4920-BC55-68209E582502}.Release|Any CPU.ActiveCfg = Release|Any CPU
		{CA856BF9-B46C-4920-BC55-68209E582502}.Release|Any CPU.Build.0 = Release|Any CPU
		{89E372D6-F2EE-453A-8C2E-CC61FF21FE61}.Debug|Any CPU.ActiveCfg = Debug|Any CPU
		{89E372D6-F2EE-453A-8C2E-CC61FF21FE61}.Debug|Any CPU.Build.0 = Debug|Any CPU
		{89E372D6-F2EE-453A-8C2E-CC61FF21FE61}.Release|Any CPU.ActiveCfg = Release|Any CPU
		{89E372D6-F2EE-453A-8C2E-CC61FF21FE61}.Release|Any CPU.Build.0 = Release|Any CPU
		{6C11FCC5-6215-4B36-9910-6A22EB2058EE}.Debug|Any CPU.ActiveCfg = Debug|Any CPU
		{6C11FCC5-6215-4B36-9910-6A22EB2058EE}.Debug|Any CPU.Build.0 = Debug|Any CPU
		{6C11FCC5-6215-4B36-9910-6A22EB2058EE}.Release|Any CPU.ActiveCfg = Release|Any CPU
		{6C11FCC5-6215-4B36-9910-6A22EB2058EE}.Release|Any CPU.Build.0 = Release|Any CPU
		{4AB46E99-AFD2-4370-8FAF-97A19D3675DF}.Debug|Any CPU.ActiveCfg = Debug|Any CPU
		{4AB46E99-AFD2-4370-8FAF-97A19D3675DF}.Debug|Any CPU.Build.0 = Debug|Any CPU
		{4AB46E99-AFD2-4370-8FAF-97A19D3675DF}.Release|Any CPU.ActiveCfg = Release|Any CPU
		{4AB46E99-AFD2-4370-8FAF-97A19D3675DF}.Release|Any CPU.Build.0 = Release|Any CPU
		{DD37BD0A-C2F6-4F13-89D4-DF61B40D9D3E}.Debug|Any CPU.ActiveCfg = Debug|Any CPU
		{DD37BD0A-C2F6-4F13-89D4-DF61B40D9D3E}.Debug|Any CPU.Build.0 = Debug|Any CPU
		{DD37BD0A-C2F6-4F13-89D4-DF61B40D9D3E}.Release|Any CPU.ActiveCfg = Release|Any CPU
		{DD37BD0A-C2F6-4F13-89D4-DF61B40D9D3E}.Release|Any CPU.Build.0 = Release|Any CPU
		{664E4F9F-75CE-4F7A-8DCC-68565CC80DDE}.Debug|Any CPU.ActiveCfg = Debug|Any CPU
		{664E4F9F-75CE-4F7A-8DCC-68565CC80DDE}.Debug|Any CPU.Build.0 = Debug|Any CPU
		{664E4F9F-75CE-4F7A-8DCC-68565CC80DDE}.Release|Any CPU.ActiveCfg = Release|Any CPU
		{664E4F9F-75CE-4F7A-8DCC-68565CC80DDE}.Release|Any CPU.Build.0 = Release|Any CPU
		{5465E852-81AE-4D31-9301-75B96D53DA4D}.Debug|Any CPU.ActiveCfg = Debug|Any CPU
		{5465E852-81AE-4D31-9301-75B96D53DA4D}.Debug|Any CPU.Build.0 = Debug|Any CPU
		{5465E852-81AE-4D31-9301-75B96D53DA4D}.Release|Any CPU.ActiveCfg = Release|Any CPU
		{5465E852-81AE-4D31-9301-75B96D53DA4D}.Release|Any CPU.Build.0 = Release|Any CPU
		{810FBEB3-B10A-4235-BA9D-2D5C5144F968}.Debug|Any CPU.ActiveCfg = Debug|Any CPU
		{810FBEB3-B10A-4235-BA9D-2D5C5144F968}.Debug|Any CPU.Build.0 = Debug|Any CPU
		{810FBEB3-B10A-4235-BA9D-2D5C5144F968}.Release|Any CPU.ActiveCfg = Release|Any CPU
		{810FBEB3-B10A-4235-BA9D-2D5C5144F968}.Release|Any CPU.Build.0 = Release|Any CPU
		{32057EB2-9E24-40C3-A099-E338BF7A27D6}.Debug|Any CPU.ActiveCfg = Debug|Any CPU
		{32057EB2-9E24-40C3-A099-E338BF7A27D6}.Debug|Any CPU.Build.0 = Debug|Any CPU
		{32057EB2-9E24-40C3-A099-E338BF7A27D6}.Release|Any CPU.ActiveCfg = Release|Any CPU
		{32057EB2-9E24-40C3-A099-E338BF7A27D6}.Release|Any CPU.Build.0 = Release|Any CPU
	EndGlobalSection
	GlobalSection(SolutionProperties) = preSolution
		HideSolutionNode = FALSE
	EndGlobalSection
	GlobalSection(ExtensibilityGlobals) = postSolution
		SolutionGuid = {AD5A0C62-A613-45A7-9324-0C5F12173FED}
	EndGlobalSection
	GlobalSection(NestedProjects) = preSolution
		{236BF547-7146-41B4-A85F-C5F916D1E5C7} = {F47F160F-3DDE-4796-B677-00ADA894B16F}
		{B29D4EC8-5802-4D07-AC6D-024029523125} = {F47F160F-3DDE-4796-B677-00ADA894B16F}
		{6C576C0C-C375-43EE-8044-F3E3CB1E99BA} = {F47F160F-3DDE-4796-B677-00ADA894B16F}
		{5465E852-81AE-4D31-9301-75B96D53DA4D} = {05EEA033-8BC3-4787-9A8D-5C1035FB153D}
	EndGlobalSection
EndGlobal
